
Microsoft Visual Studio Solution File, Format Version 12.00
# Visual Studio Version 16
VisualStudioVersion = 16.0.29418.71
MinimumVisualStudioVersion = 10.0.40219.1
Project("{9A19103F-16F7-4668-BE54-9A1E7A4F7556}") = "csharp-astronomy", "csharp-astronomy\csharp-astronomy.csproj", "{8394F323-FDE2-4339-8EC8-2227260EC8EF}"
EndProject
Project("{FAE04EC0-301F-11D3-BF4B-00C04F79EFBC}") = "csharp-astronomy.UnitTests", "csharp-astronomy.UnitTests\csharp-astronomy.UnitTests.csproj", "{B1A3FC77-21A4-481F-9599-8376E9F5B080}"
EndProject
Global
	GlobalSection(SolutionConfigurationPlatforms) = preSolution
		Debug|Any CPU = Debug|Any CPU
		Release|Any CPU = Release|Any CPU
	EndGlobalSection
	GlobalSection(ProjectConfigurationPlatforms) = postSolution
		{8394F323-FDE2-4339-8EC8-2227260EC8EF}.Debug|Any CPU.ActiveCfg = Debug|Any CPU
		{8394F323-FDE2-4339-8EC8-2227260EC8EF}.Debug|Any CPU.Build.0 = Debug|Any CPU
		{8394F323-FDE2-4339-8EC8-2227260EC8EF}.Release|Any CPU.ActiveCfg = Release|Any CPU
		{8394F323-FDE2-4339-8EC8-2227260EC8EF}.Release|Any CPU.Build.0 = Release|Any CPU
		{B1A3FC77-21A4-481F-9599-8376E9F5B080}.Debug|Any CPU.ActiveCfg = Debug|Any CPU
		{B1A3FC77-21A4-481F-9599-8376E9F5B080}.Debug|Any CPU.Build.0 = Debug|Any CPU
		{B1A3FC77-21A4-481F-9599-8376E9F5B080}.Release|Any CPU.ActiveCfg = Release|Any CPU
		{B1A3FC77-21A4-481F-9599-8376E9F5B080}.Release|Any CPU.Build.0 = Release|Any CPU
	EndGlobalSection
	GlobalSection(SolutionProperties) = preSolution
		HideSolutionNode = FALSE
	EndGlobalSection
	GlobalSection(ExtensibilityGlobals) = postSolution
		SolutionGuid = {A7ED205E-7523-49E3-8F54-E865B3FA7AB1}
	EndGlobalSection
EndGlobal
